// !$*UTF8*$!
{
	archiveVersion = 1;
	classes = {
	};
	objectVersion = 55;
	objects = {

/* Begin PBXBuildFile section */
		37C180842891C47E00535D82 /* Tests_iOS.swift in Sources */ = {isa = PBXBuildFile; fileRef = 37C180832891C47E00535D82 /* Tests_iOS.swift */; };
		37C180862891C47E00535D82 /* Tests_iOSLaunchTests.swift in Sources */ = {isa = PBXBuildFile; fileRef = 37C180852891C47E00535D82 /* Tests_iOSLaunchTests.swift */; };
		37C180902891C47E00535D82 /* Tests_macOS.swift in Sources */ = {isa = PBXBuildFile; fileRef = 37C1808F2891C47E00535D82 /* Tests_macOS.swift */; };
		37C180922891C47E00535D82 /* Tests_macOSLaunchTests.swift in Sources */ = {isa = PBXBuildFile; fileRef = 37C180912891C47E00535D82 /* Tests_macOSLaunchTests.swift */; };
		37C180932891C47E00535D82 /* TakeHomeApp.swift in Sources */ = {isa = PBXBuildFile; fileRef = 37C1806B2891C47C00535D82 /* TakeHomeApp.swift */; };
		37C180942891C47E00535D82 /* TakeHomeApp.swift in Sources */ = {isa = PBXBuildFile; fileRef = 37C1806B2891C47C00535D82 /* TakeHomeApp.swift */; };
		37C180952891C47E00535D82 /* ContentView.swift in Sources */ = {isa = PBXBuildFile; fileRef = 37C1806C2891C47C00535D82 /* ContentView.swift */; };
		37C180962891C47E00535D82 /* ContentView.swift in Sources */ = {isa = PBXBuildFile; fileRef = 37C1806C2891C47C00535D82 /* ContentView.swift */; };
		37C180972891C47E00535D82 /* Assets.xcassets in Resources */ = {isa = PBXBuildFile; fileRef = 37C1806D2891C47E00535D82 /* Assets.xcassets */; };
		37C180982891C47E00535D82 /* Assets.xcassets in Resources */ = {isa = PBXBuildFile; fileRef = 37C1806D2891C47E00535D82 /* Assets.xcassets */; };
/* End PBXBuildFile section */

/* Begin PBXContainerItemProxy section */
		37C180802891C47E00535D82 /* PBXContainerItemProxy */ = {
			isa = PBXContainerItemProxy;
			containerPortal = 37C180662891C47B00535D82 /* Project object */;
			proxyType = 1;
			remoteGlobalIDString = 37C180712891C47E00535D82;
			remoteInfo = "TakeHome (iOS)";
		};
		37C1808C2891C47E00535D82 /* PBXContainerItemProxy */ = {
			isa = PBXContainerItemProxy;
			containerPortal = 37C180662891C47B00535D82 /* Project object */;
			proxyType = 1;
			remoteGlobalIDString = 37C180772891C47E00535D82;
			remoteInfo = "TakeHome (macOS)";
		};
/* End PBXContainerItemProxy section */

/* Begin PBXFileReference section */
		37C1806B2891C47C00535D82 /* TakeHomeApp.swift */ = {isa = PBXFileReference; lastKnownFileType = sourcecode.swift; path = TakeHomeApp.swift; sourceTree = "<group>"; };
		37C1806C2891C47C00535D82 /* ContentView.swift */ = {isa = PBXFileReference; lastKnownFileType = sourcecode.swift; path = ContentView.swift; sourceTree = "<group>"; };
		37C1806D2891C47E00535D82 /* Assets.xcassets */ = {isa = PBXFileReference; lastKnownFileType = folder.assetcatalog; path = Assets.xcassets; sourceTree = "<group>"; };
		37C180722891C47E00535D82 /* TakeHome.app */ = {isa = PBXFileReference; explicitFileType = wrapper.application; includeInIndex = 0; path = TakeHome.app; sourceTree = BUILT_PRODUCTS_DIR; };
		37C180782891C47E00535D82 /* TakeHome.app */ = {isa = PBXFileReference; explicitFileType = wrapper.application; includeInIndex = 0; path = TakeHome.app; sourceTree = BUILT_PRODUCTS_DIR; };
		37C1807A2891C47E00535D82 /* macOS.entitlements */ = {isa = PBXFileReference; lastKnownFileType = text.plist.entitlements; path = macOS.entitlements; sourceTree = "<group>"; };
		37C1807F2891C47E00535D82 /* Tests iOS.xctest */ = {isa = PBXFileReference; explicitFileType = wrapper.cfbundle; includeInIndex = 0; path = "Tests iOS.xctest"; sourceTree = BUILT_PRODUCTS_DIR; };
		37C180832891C47E00535D82 /* Tests_iOS.swift */ = {isa = PBXFileReference; lastKnownFileType = sourcecode.swift; path = Tests_iOS.swift; sourceTree = "<group>"; };
		37C180852891C47E00535D82 /* Tests_iOSLaunchTests.swift */ = {isa = PBXFileReference; lastKnownFileType = sourcecode.swift; path = Tests_iOSLaunchTests.swift; sourceTree = "<group>"; };
		37C1808B2891C47E00535D82 /* Tests macOS.xctest */ = {isa = PBXFileReference; explicitFileType = wrapper.cfbundle; includeInIndex = 0; path = "Tests macOS.xctest"; sourceTree = BUILT_PRODUCTS_DIR; };
		37C1808F2891C47E00535D82 /* Tests_macOS.swift */ = {isa = PBXFileReference; lastKnownFileType = sourcecode.swift; path = Tests_macOS.swift; sourceTree = "<group>"; };
		37C180912891C47E00535D82 /* Tests_macOSLaunchTests.swift */ = {isa = PBXFileReference; lastKnownFileType = sourcecode.swift; path = Tests_macOSLaunchTests.swift; sourceTree = "<group>"; };
/* End PBXFileReference section */

/* Begin PBXFrameworksBuildPhase section */
		37C1806F2891C47E00535D82 /* Frameworks */ = {
			isa = PBXFrameworksBuildPhase;
			buildActionMask = 2147483647;
			files = (
			);
			runOnlyForDeploymentPostprocessing = 0;
		};
		37C180752891C47E00535D82 /* Frameworks */ = {
			isa = PBXFrameworksBuildPhase;
			buildActionMask = 2147483647;
			files = (
			);
			runOnlyForDeploymentPostprocessing = 0;
		};
		37C1807C2891C47E00535D82 /* Frameworks */ = {
			isa = PBXFrameworksBuildPhase;
			buildActionMask = 2147483647;
			files = (
			);
			runOnlyForDeploymentPostprocessing = 0;
		};
		37C180882891C47E00535D82 /* Frameworks */ = {
			isa = PBXFrameworksBuildPhase;
			buildActionMask = 2147483647;
			files = (
			);
			runOnlyForDeploymentPostprocessing = 0;
		};
/* End PBXFrameworksBuildPhase section */

/* Begin PBXGroup section */
		37C180652891C47B00535D82 = {
			isa = PBXGroup;
			children = (
				37C1806A2891C47C00535D82 /* Shared */,
				37C180792891C47E00535D82 /* macOS */,
				37C180822891C47E00535D82 /* Tests iOS */,
				37C1808E2891C47E00535D82 /* Tests macOS */,
				37C180732891C47E00535D82 /* Products */,
			);
			sourceTree = "<group>";
		};
		37C1806A2891C47C00535D82 /* Shared */ = {
			isa = PBXGroup;
			children = (
				37C1806B2891C47C00535D82 /* TakeHomeApp.swift */,
				37C1806C2891C47C00535D82 /* ContentView.swift */,
				37C1806D2891C47E00535D82 /* Assets.xcassets */,
			);
			path = Shared;
			sourceTree = "<group>";
		};
		37C180732891C47E00535D82 /* Products */ = {
			isa = PBXGroup;
			children = (
				37C180722891C47E00535D82 /* TakeHome.app */,
				37C180782891C47E00535D82 /* TakeHome.app */,
				37C1807F2891C47E00535D82 /* Tests iOS.xctest */,
				37C1808B2891C47E00535D82 /* Tests macOS.xctest */,
			);
			name = Products;
			sourceTree = "<group>";
		};
		37C180792891C47E00535D82 /* macOS */ = {
			isa = PBXGroup;
			children = (
				37C1807A2891C47E00535D82 /* macOS.entitlements */,
			);
			path = macOS;
			sourceTree = "<group>";
		};
		37C180822891C47E00535D82 /* Tests iOS */ = {
			isa = PBXGroup;
			children = (
				37C180832891C47E00535D82 /* Tests_iOS.swift */,
				37C180852891C47E00535D82 /* Tests_iOSLaunchTests.swift */,
			);
			path = "Tests iOS";
			sourceTree = "<group>";
		};
		37C1808E2891C47E00535D82 /* Tests macOS */ = {
			isa = PBXGroup;
			children = (
				37C1808F2891C47E00535D82 /* Tests_macOS.swift */,
				37C180912891C47E00535D82 /* Tests_macOSLaunchTests.swift */,
			);
			path = "Tests macOS";
			sourceTree = "<group>";
		};
/* End PBXGroup section */

/* Begin PBXNativeTarget section */
		37C180712891C47E00535D82 /* TakeHome (iOS) */ = {
			isa = PBXNativeTarget;
			buildConfigurationList = 37C1809B2891C47E00535D82 /* Build configuration list for PBXNativeTarget "TakeHome (iOS)" */;
			buildPhases = (
				37C1806E2891C47E00535D82 /* Sources */,
				37C1806F2891C47E00535D82 /* Frameworks */,
				37C180702891C47E00535D82 /* Resources */,
			);
			buildRules = (
			);
			dependencies = (
			);
			name = "TakeHome (iOS)";
			productName = "TakeHome (iOS)";
			productReference = 37C180722891C47E00535D82 /* TakeHome.app */;
			productType = "com.apple.product-type.application";
		};
		37C180772891C47E00535D82 /* TakeHome (macOS) */ = {
			isa = PBXNativeTarget;
			buildConfigurationList = 37C1809E2891C47E00535D82 /* Build configuration list for PBXNativeTarget "TakeHome (macOS)" */;
			buildPhases = (
				37C180742891C47E00535D82 /* Sources */,
				37C180752891C47E00535D82 /* Frameworks */,
				37C180762891C47E00535D82 /* Resources */,
			);
			buildRules = (
			);
			dependencies = (
			);
			name = "TakeHome (macOS)";
			productName = "TakeHome (macOS)";
			productReference = 37C180782891C47E00535D82 /* TakeHome.app */;
			productType = "com.apple.product-type.application";
		};
		37C1807E2891C47E00535D82 /* Tests iOS */ = {
			isa = PBXNativeTarget;
			buildConfigurationList = 37C180A12891C47E00535D82 /* Build configuration list for PBXNativeTarget "Tests iOS" */;
			buildPhases = (
				37C1807B2891C47E00535D82 /* Sources */,
				37C1807C2891C47E00535D82 /* Frameworks */,
				37C1807D2891C47E00535D82 /* Resources */,
			);
			buildRules = (
			);
			dependencies = (
				37C180812891C47E00535D82 /* PBXTargetDependency */,
			);
			name = "Tests iOS";
			productName = "Tests iOS";
			productReference = 37C1807F2891C47E00535D82 /* Tests iOS.xctest */;
			productType = "com.apple.product-type.bundle.ui-testing";
		};
		37C1808A2891C47E00535D82 /* Tests macOS */ = {
			isa = PBXNativeTarget;
			buildConfigurationList = 37C180A42891C47E00535D82 /* Build configuration list for PBXNativeTarget "Tests macOS" */;
			buildPhases = (
				37C180872891C47E00535D82 /* Sources */,
				37C180882891C47E00535D82 /* Frameworks */,
				37C180892891C47E00535D82 /* Resources */,
			);
			buildRules = (
			);
			dependencies = (
				37C1808D2891C47E00535D82 /* PBXTargetDependency */,
			);
			name = "Tests macOS";
			productName = "Tests macOS";
			productReference = 37C1808B2891C47E00535D82 /* Tests macOS.xctest */;
			productType = "com.apple.product-type.bundle.ui-testing";
		};
/* End PBXNativeTarget section */

/* Begin PBXProject section */
		37C180662891C47B00535D82 /* Project object */ = {
			isa = PBXProject;
			attributes = {
				BuildIndependentTargetsInParallel = 1;
				LastSwiftUpdateCheck = 1340;
				LastUpgradeCheck = 1340;
				TargetAttributes = {
					37C180712891C47E00535D82 = {
						CreatedOnToolsVersion = 13.4.1;
					};
					37C180772891C47E00535D82 = {
						CreatedOnToolsVersion = 13.4.1;
					};
					37C1807E2891C47E00535D82 = {
						CreatedOnToolsVersion = 13.4.1;
						TestTargetID = 37C180712891C47E00535D82;
					};
					37C1808A2891C47E00535D82 = {
						CreatedOnToolsVersion = 13.4.1;
						TestTargetID = 37C180772891C47E00535D82;
					};
				};
			};
			buildConfigurationList = 37C180692891C47B00535D82 /* Build configuration list for PBXProject "TakeHome" */;
			compatibilityVersion = "Xcode 13.0";
			developmentRegion = en;
			hasScannedForEncodings = 0;
			knownRegions = (
				en,
				Base,
			);
			mainGroup = 37C180652891C47B00535D82;
			productRefGroup = 37C180732891C47E00535D82 /* Products */;
			projectDirPath = "";
			projectRoot = "";
			targets = (
				37C180712891C47E00535D82 /* TakeHome (iOS) */,
				37C180772891C47E00535D82 /* TakeHome (macOS) */,
				37C1807E2891C47E00535D82 /* Tests iOS */,
				37C1808A2891C47E00535D82 /* Tests macOS */,
			);
		};
/* End PBXProject section */

/* Begin PBXResourcesBuildPhase section */
		37C180702891C47E00535D82 /* Resources */ = {
			isa = PBXResourcesBuildPhase;
			buildActionMask = 2147483647;
			files = (
				37C180972891C47E00535D82 /* Assets.xcassets in Resources */,
			);
			runOnlyForDeploymentPostprocessing = 0;
		};
		37C180762891C47E00535D82 /* Resources */ = {
			isa = PBXResourcesBuildPhase;
			buildActionMask = 2147483647;
			files = (
				37C180982891C47E00535D82 /* Assets.xcassets in Resources */,
			);
			runOnlyForDeploymentPostprocessing = 0;
		};
		37C1807D2891C47E00535D82 /* Resources */ = {
			isa = PBXResourcesBuildPhase;
			buildActionMask = 2147483647;
			files = (
			);
			runOnlyForDeploymentPostprocessing = 0;
		};
		37C180892891C47E00535D82 /* Resources */ = {
			isa = PBXResourcesBuildPhase;
			buildActionMask = 2147483647;
			files = (
			);
			runOnlyForDeploymentPostprocessing = 0;
		};
/* End PBXResourcesBuildPhase section */

/* Begin PBXSourcesBuildPhase section */
		37C1806E2891C47E00535D82 /* Sources */ = {
			isa = PBXSourcesBuildPhase;
			buildActionMask = 2147483647;
			files = (
				37C180952891C47E00535D82 /* ContentView.swift in Sources */,
				37C180932891C47E00535D82 /* TakeHomeApp.swift in Sources */,
			);
			runOnlyForDeploymentPostprocessing = 0;
		};
		37C180742891C47E00535D82 /* Sources */ = {
			isa = PBXSourcesBuildPhase;
			buildActionMask = 2147483647;
			files = (
				37C180962891C47E00535D82 /* ContentView.swift in Sources */,
				37C180942891C47E00535D82 /* TakeHomeApp.swift in Sources */,
			);
			runOnlyForDeploymentPostprocessing = 0;
		};
		37C1807B2891C47E00535D82 /* Sources */ = {
			isa = PBXSourcesBuildPhase;
			buildActionMask = 2147483647;
			files = (
				37C180862891C47E00535D82 /* Tests_iOSLaunchTests.swift in Sources */,
				37C180842891C47E00535D82 /* Tests_iOS.swift in Sources */,
			);
			runOnlyForDeploymentPostprocessing = 0;
		};
		37C180872891C47E00535D82 /* Sources */ = {
			isa = PBXSourcesBuildPhase;
			buildActionMask = 2147483647;
			files = (
				37C180922891C47E00535D82 /* Tests_macOSLaunchTests.swift in Sources */,
				37C180902891C47E00535D82 /* Tests_macOS.swift in Sources */,
			);
			runOnlyForDeploymentPostprocessing = 0;
		};
/* End PBXSourcesBuildPhase section */

/* Begin PBXTargetDependency section */
		37C180812891C47E00535D82 /* PBXTargetDependency */ = {
			isa = PBXTargetDependency;
			target = 37C180712891C47E00535D82 /* TakeHome (iOS) */;
			targetProxy = 37C180802891C47E00535D82 /* PBXContainerItemProxy */;
		};
		37C1808D2891C47E00535D82 /* PBXTargetDependency */ = {
			isa = PBXTargetDependency;
			target = 37C180772891C47E00535D82 /* TakeHome (macOS) */;
			targetProxy = 37C1808C2891C47E00535D82 /* PBXContainerItemProxy */;
		};
/* End PBXTargetDependency section */

/* Begin XCBuildConfiguration section */
		37C180992891C47E00535D82 /* Debug */ = {
			isa = XCBuildConfiguration;
			buildSettings = {
				ALWAYS_SEARCH_USER_PATHS = NO;
				CLANG_ANALYZER_NONNULL = YES;
				CLANG_ANALYZER_NUMBER_OBJECT_CONVERSION = YES_AGGRESSIVE;
				CLANG_CXX_LANGUAGE_STANDARD = "gnu++17";
				CLANG_ENABLE_MODULES = YES;
				CLANG_ENABLE_OBJC_ARC = YES;
				CLANG_ENABLE_OBJC_WEAK = YES;
				CLANG_WARN_BLOCK_CAPTURE_AUTORELEASING = YES;
				CLANG_WARN_BOOL_CONVERSION = YES;
				CLANG_WARN_COMMA = YES;
				CLANG_WARN_CONSTANT_CONVERSION = YES;
				CLANG_WARN_DEPRECATED_OBJC_IMPLEMENTATIONS = YES;
				CLANG_WARN_DIRECT_OBJC_ISA_USAGE = YES_ERROR;
				CLANG_WARN_DOCUMENTATION_COMMENTS = YES;
				CLANG_WARN_EMPTY_BODY = YES;
				CLANG_WARN_ENUM_CONVERSION = YES;
				CLANG_WARN_INFINITE_RECURSION = YES;
				CLANG_WARN_INT_CONVERSION = YES;
				CLANG_WARN_NON_LITERAL_NULL_CONVERSION = YES;
				CLANG_WARN_OBJC_IMPLICIT_RETAIN_SELF = YES;
				CLANG_WARN_OBJC_LITERAL_CONVERSION = YES;
				CLANG_WARN_OBJC_ROOT_CLASS = YES_ERROR;
				CLANG_WARN_QUOTED_INCLUDE_IN_FRAMEWORK_HEADER = YES;
				CLANG_WARN_RANGE_LOOP_ANALYSIS = YES;
				CLANG_WARN_STRICT_PROTOTYPES = YES;
				CLANG_WARN_SUSPICIOUS_MOVE = YES;
				CLANG_WARN_UNGUARDED_AVAILABILITY = YES_AGGRESSIVE;
				CLANG_WARN_UNREACHABLE_CODE = YES;
				CLANG_WARN__DUPLICATE_METHOD_MATCH = YES;
				COPY_PHASE_STRIP = NO;
				DEBUG_INFORMATION_FORMAT = dwarf;
				ENABLE_STRICT_OBJC_MSGSEND = YES;
				ENABLE_TESTABILITY = YES;
				GCC_C_LANGUAGE_STANDARD = gnu11;
				GCC_DYNAMIC_NO_PIC = NO;
				GCC_NO_COMMON_BLOCKS = YES;
				GCC_OPTIMIZATION_LEVEL = 0;
				GCC_PREPROCESSOR_DEFINITIONS = (
					"DEBUG=1",
					"$(inherited)",
				);
				GCC_WARN_64_TO_32_BIT_CONVERSION = YES;
				GCC_WARN_ABOUT_RETURN_TYPE = YES_ERROR;
				GCC_WARN_UNDECLARED_SELECTOR = YES;
				GCC_WARN_UNINITIALIZED_AUTOS = YES_AGGRESSIVE;
				GCC_WARN_UNUSED_FUNCTION = YES;
				GCC_WARN_UNUSED_VARIABLE = YES;
				MTL_ENABLE_DEBUG_INFO = INCLUDE_SOURCE;
				MTL_FAST_MATH = YES;
				ONLY_ACTIVE_ARCH = YES;
				SWIFT_ACTIVE_COMPILATION_CONDITIONS = DEBUG;
				SWIFT_OPTIMIZATION_LEVEL = "-Onone";
			};
			name = Debug;
		};
		37C1809A2891C47E00535D82 /* Release */ = {
			isa = XCBuildConfiguration;
			buildSettings = {
				ALWAYS_SEARCH_USER_PATHS = NO;
				CLANG_ANALYZER_NONNULL = YES;
				CLANG_ANALYZER_NUMBER_OBJECT_CONVERSION = YES_AGGRESSIVE;
				CLANG_CXX_LANGUAGE_STANDARD = "gnu++17";
				CLANG_ENABLE_MODULES = YES;
				CLANG_ENABLE_OBJC_ARC = YES;
				CLANG_ENABLE_OBJC_WEAK = YES;
				CLANG_WARN_BLOCK_CAPTURE_AUTORELEASING = YES;
				CLANG_WARN_BOOL_CONVERSION = YES;
				CLANG_WARN_COMMA = YES;
				CLANG_WARN_CONSTANT_CONVERSION = YES;
				CLANG_WARN_DEPRECATED_OBJC_IMPLEMENTATIONS = YES;
				CLANG_WARN_DIRECT_OBJC_ISA_USAGE = YES_ERROR;
				CLANG_WARN_DOCUMENTATION_COMMENTS = YES;
				CLANG_WARN_EMPTY_BODY = YES;
				CLANG_WARN_ENUM_CONVERSION = YES;
				CLANG_WARN_INFINITE_RECURSION = YES;
				CLANG_WARN_INT_CONVERSION = YES;
				CLANG_WARN_NON_LITERAL_NULL_CONVERSION = YES;
				CLANG_WARN_OBJC_IMPLICIT_RETAIN_SELF = YES;
				CLANG_WARN_OBJC_LITERAL_CONVERSION = YES;
				CLANG_WARN_OBJC_ROOT_CLASS = YES_ERROR;
				CLANG_WARN_QUOTED_INCLUDE_IN_FRAMEWORK_HEADER = YES;
				CLANG_WARN_RANGE_LOOP_ANALYSIS = YES;
				CLANG_WARN_STRICT_PROTOTYPES = YES;
				CLANG_WARN_SUSPICIOUS_MOVE = YES;
				CLANG_WARN_UNGUARDED_AVAILABILITY = YES_AGGRESSIVE;
				CLANG_WARN_UNREACHABLE_CODE = YES;
				CLANG_WARN__DUPLICATE_METHOD_MATCH = YES;
				COPY_PHASE_STRIP = NO;
				DEBUG_INFORMATION_FORMAT = "dwarf-with-dsym";
				ENABLE_NS_ASSERTIONS = NO;
				ENABLE_STRICT_OBJC_MSGSEND = YES;
				GCC_C_LANGUAGE_STANDARD = gnu11;
				GCC_NO_COMMON_BLOCKS = YES;
				GCC_WARN_64_TO_32_BIT_CONVERSION = YES;
				GCC_WARN_ABOUT_RETURN_TYPE = YES_ERROR;
				GCC_WARN_UNDECLARED_SELECTOR = YES;
				GCC_WARN_UNINITIALIZED_AUTOS = YES_AGGRESSIVE;
				GCC_WARN_UNUSED_FUNCTION = YES;
				GCC_WARN_UNUSED_VARIABLE = YES;
				MTL_ENABLE_DEBUG_INFO = NO;
				MTL_FAST_MATH = YES;
				SWIFT_COMPILATION_MODE = wholemodule;
				SWIFT_OPTIMIZATION_LEVEL = "-O";
			};
			name = Release;
		};
		37C1809C2891C47E00535D82 /* Debug */ = {
			isa = XCBuildConfiguration;
			buildSettings = {
				ASSETCATALOG_COMPILER_APPICON_NAME = AppIcon;
				ASSETCATALOG_COMPILER_GLOBAL_ACCENT_COLOR_NAME = AccentColor;
				CODE_SIGN_STYLE = Automatic;
				CURRENT_PROJECT_VERSION = 1;
				DEVELOPMENT_TEAM = 4N8YTTDD52;
				ENABLE_PREVIEWS = YES;
				GENERATE_INFOPLIST_FILE = YES;
				INFOPLIST_KEY_UIApplicationSceneManifest_Generation = YES;
				INFOPLIST_KEY_UIApplicationSupportsIndirectInputEvents = YES;
				INFOPLIST_KEY_UILaunchScreen_Generation = YES;
				INFOPLIST_KEY_UISupportedInterfaceOrientations_iPad = "UIInterfaceOrientationPortrait UIInterfaceOrientationPortraitUpsideDown UIInterfaceOrientationLandscapeLeft UIInterfaceOrientationLandscapeRight";
				INFOPLIST_KEY_UISupportedInterfaceOrientations_iPhone = "UIInterfaceOrientationPortrait UIInterfaceOrientationLandscapeLeft UIInterfaceOrientationLandscapeRight";
				IPHONEOS_DEPLOYMENT_TARGET = 15.5;
				LD_RUNPATH_SEARCH_PATHS = (
					"$(inherited)",
					"@executable_path/Frameworks",
				);
				MARKETING_VERSION = 1.0;
				PRODUCT_BUNDLE_IDENTIFIER = com.rc.TakeHome;
				PRODUCT_NAME = TakeHome;
				SDKROOT = iphoneos;
				SWIFT_EMIT_LOC_STRINGS = YES;
				SWIFT_VERSION = 5.0;
				TARGETED_DEVICE_FAMILY = "1,2";
			};
			name = Debug;
		};
		37C1809D2891C47E00535D82 /* Release */ = {
			isa = XCBuildConfiguration;
			buildSettings = {
				ASSETCATALOG_COMPILER_APPICON_NAME = AppIcon;
				ASSETCATALOG_COMPILER_GLOBAL_ACCENT_COLOR_NAME = AccentColor;
				CODE_SIGN_STYLE = Automatic;
				CURRENT_PROJECT_VERSION = 1;
				DEVELOPMENT_TEAM = 4N8YTTDD52;
				ENABLE_PREVIEWS = YES;
				GENERATE_INFOPLIST_FILE = YES;
				INFOPLIST_KEY_UIApplicationSceneManifest_Generation = YES;
				INFOPLIST_KEY_UIApplicationSupportsIndirectInputEvents = YES;
				INFOPLIST_KEY_UILaunchScreen_Generation = YES;
				INFOPLIST_KEY_UISupportedInterfaceOrientations_iPad = "UIInterfaceOrientationPortrait UIInterfaceOrientationPortraitUpsideDown UIInterfaceOrientationLandscapeLeft UIInterfaceOrientationLandscapeRight";
				INFOPLIST_KEY_UISupportedInterfaceOrientations_iPhone = "UIInterfaceOrientationPortrait UIInterfaceOrientationLandscapeLeft UIInterfaceOrientationLandscapeRight";
				IPHONEOS_DEPLOYMENT_TARGET = 15.5;
				LD_RUNPATH_SEARCH_PATHS = (
					"$(inherited)",
					"@executable_path/Frameworks",
				);
				MARKETING_VERSION = 1.0;
				PRODUCT_BUNDLE_IDENTIFIER = com.rc.TakeHome;
				PRODUCT_NAME = TakeHome;
				SDKROOT = iphoneos;
				SWIFT_EMIT_LOC_STRINGS = YES;
				SWIFT_VERSION = 5.0;
				TARGETED_DEVICE_FAMILY = "1,2";
				VALIDATE_PRODUCT = YES;
			};
			name = Release;
		};
		37C1809F2891C47E00535D82 /* Debug */ = {
			isa = XCBuildConfiguration;
			buildSettings = {
				ASSETCATALOG_COMPILER_APPICON_NAME = AppIcon;
				ASSETCATALOG_COMPILER_GLOBAL_ACCENT_COLOR_NAME = AccentColor;
				CODE_SIGN_ENTITLEMENTS = macOS/macOS.entitlements;
				CODE_SIGN_STYLE = Automatic;
				COMBINE_HIDPI_IMAGES = YES;
				CURRENT_PROJECT_VERSION = 1;
				DEVELOPMENT_TEAM = 4N8YTTDD52;
				ENABLE_HARDENED_RUNTIME = YES;
				ENABLE_PREVIEWS = YES;
				GENERATE_INFOPLIST_FILE = YES;
				INFOPLIST_KEY_NSHumanReadableCopyright = "";
				LD_RUNPATH_SEARCH_PATHS = (
					"$(inherited)",
					"@executable_path/../Frameworks",
				);
				MACOSX_DEPLOYMENT_TARGET = 12.2;
				MARKETING_VERSION = 1.0;
				PRODUCT_BUNDLE_IDENTIFIER = com.rc.TakeHome;
				PRODUCT_NAME = TakeHome;
				SDKROOT = macosx;
				SWIFT_EMIT_LOC_STRINGS = YES;
				SWIFT_VERSION = 5.0;
			};
			name = Debug;
		};
		37C180A02891C47E00535D82 /* Release */ = {
			isa = XCBuildConfiguration;
			buildSettings = {
				ASSETCATALOG_COMPILER_APPICON_NAME = AppIcon;
				ASSETCATALOG_COMPILER_GLOBAL_ACCENT_COLOR_NAME = AccentColor;
				CODE_SIGN_ENTITLEMENTS = macOS/macOS.entitlements;
				CODE_SIGN_STYLE = Automatic;
				COMBINE_HIDPI_IMAGES = YES;
				CURRENT_PROJECT_VERSION = 1;
				DEVELOPMENT_TEAM = 4N8YTTDD52;
				ENABLE_HARDENED_RUNTIME = YES;
				ENABLE_PREVIEWS = YES;
				GENERATE_INFOPLIST_FILE = YES;
				INFOPLIST_KEY_NSHumanReadableCopyright = "";
				LD_RUNPATH_SEARCH_PATHS = (
					"$(inherited)",
					"@executable_path/../Frameworks",
				);
				MACOSX_DEPLOYMENT_TARGET = 12.2;
				MARKETING_VERSION = 1.0;
				PRODUCT_BUNDLE_IDENTIFIER = com.rc.TakeHome;
				PRODUCT_NAME = TakeHome;
				SDKROOT = macosx;
				SWIFT_EMIT_LOC_STRINGS = YES;
				SWIFT_VERSION = 5.0;
			};
			name = Release;
		};
		37C180A22891C47E00535D82 /* Debug */ = {
			isa = XCBuildConfiguration;
			buildSettings = {
				ALWAYS_EMBED_SWIFT_STANDARD_LIBRARIES = YES;
				CODE_SIGN_STYLE = Automatic;
				CURRENT_PROJECT_VERSION = 1;
				DEVELOPMENT_TEAM = 4N8YTTDD52;
				GENERATE_INFOPLIST_FILE = YES;
				IPHONEOS_DEPLOYMENT_TARGET = 15.5;
				MARKETING_VERSION = 1.0;
				PRODUCT_BUNDLE_IDENTIFIER = "com.rc.Tests-iOS";
				PRODUCT_NAME = "$(TARGET_NAME)";
				SDKROOT = iphoneos;
				SWIFT_EMIT_LOC_STRINGS = NO;
				SWIFT_VERSION = 5.0;
				TARGETED_DEVICE_FAMILY = "1,2";
				TEST_TARGET_NAME = "TakeHome (iOS)";
			};
			name = Debug;
		};
		37C180A32891C47E00535D82 /* Release */ = {
			isa = XCBuildConfiguration;
			buildSettings = {
				ALWAYS_EMBED_SWIFT_STANDARD_LIBRARIES = YES;
				CODE_SIGN_STYLE = Automatic;
				CURRENT_PROJECT_VERSION = 1;
				DEVELOPMENT_TEAM = 4N8YTTDD52;
				GENERATE_INFOPLIST_FILE = YES;
				IPHONEOS_DEPLOYMENT_TARGET = 15.5;
				MARKETING_VERSION = 1.0;
				PRODUCT_BUNDLE_IDENTIFIER = "com.rc.Tests-iOS";
				PRODUCT_NAME = "$(TARGET_NAME)";
				SDKROOT = iphoneos;
				SWIFT_EMIT_LOC_STRINGS = NO;
				SWIFT_VERSION = 5.0;
				TARGETED_DEVICE_FAMILY = "1,2";
				TEST_TARGET_NAME = "TakeHome (iOS)";
				VALIDATE_PRODUCT = YES;
			};
			name = Release;
		};
		37C180A52891C47E00535D82 /* Debug */ = {
			isa = XCBuildConfiguration;
			buildSettings = {
				ALWAYS_EMBED_SWIFT_STANDARD_LIBRARIES = YES;
				CODE_SIGN_STYLE = Automatic;
				CURRENT_PROJECT_VERSION = 1;
				DEVELOPMENT_TEAM = 4N8YTTDD52;
				GENERATE_INFOPLIST_FILE = YES;
				MACOSX_DEPLOYMENT_TARGET = 12.2;
				MARKETING_VERSION = 1.0;
				PRODUCT_BUNDLE_IDENTIFIER = "com.rc.Tests-macOS";
				PRODUCT_NAME = "$(TARGET_NAME)";
				SDKROOT = macosx;
				SWIFT_EMIT_LOC_STRINGS = NO;
				SWIFT_VERSION = 5.0;
				TEST_TARGET_NAME = "TakeHome (macOS)";
			};
			name = Debug;
		};
		37C180A62891C47E00535D82 /* Release */ = {
			isa = XCBuildConfiguration;
			buildSettings = {
				ALWAYS_EMBED_SWIFT_STANDARD_LIBRARIES = YES;
				CODE_SIGN_STYLE = Automatic;
				CURRENT_PROJECT_VERSION = 1;
				DEVELOPMENT_TEAM = 4N8YTTDD52;
				GENERATE_INFOPLIST_FILE = YES;
				MACOSX_DEPLOYMENT_TARGET = 12.2;
				MARKETING_VERSION = 1.0;
				PRODUCT_BUNDLE_IDENTIFIER = "com.rc.Tests-macOS";
				PRODUCT_NAME = "$(TARGET_NAME)";
				SDKROOT = macosx;
				SWIFT_EMIT_LOC_STRINGS = NO;
				SWIFT_VERSION = 5.0;
				TEST_TARGET_NAME = "TakeHome (macOS)";
			};
			name = Release;
		};
/* End XCBuildConfiguration section */

/* Begin XCConfigurationList section */
		37C180692891C47B00535D82 /* Build configuration list for PBXProject "TakeHome" */ = {
			isa = XCConfigurationList;
			buildConfigurations = (
				37C180992891C47E00535D82 /* Debug */,
				37C1809A2891C47E00535D82 /* Release */,
			);
			defaultConfigurationIsVisible = 0;
			defaultConfigurationName = Release;
		};
		37C1809B2891C47E00535D82 /* Build configuration list for PBXNativeTarget "TakeHome (iOS)" */ = {
			isa = XCConfigurationList;
			buildConfigurations = (
				37C1809C2891C47E00535D82 /* Debug */,
				37C1809D2891C47E00535D82 /* Release */,
			);
			defaultConfigurationIsVisible = 0;
			defaultConfigurationName = Release;
		};
		37C1809E2891C47E00535D82 /* Build configuration list for PBXNativeTarget "TakeHome (macOS)" */ = {
			isa = XCConfigurationList;
			buildConfigurations = (
				37C1809F2891C47E00535D82 /* Debug */,
				37C180A02891C47E00535D82 /* Release */,
			);
			defaultConfigurationIsVisible = 0;
			defaultConfigurationName = Release;
		};
		37C180A12891C47E00535D82 /* Build configuration list for PBXNativeTarget "Tests iOS" */ = {
			isa = XCConfigurationList;
			buildConfigurations = (
				37C180A22891C47E00535D82 /* Debug */,
				37C180A32891C47E00535D82 /* Release */,
			);
			defaultConfigurationIsVisible = 0;
			defaultConfigurationName = Release;
		};
		37C180A42891C47E00535D82 /* Build configuration list for PBXNativeTarget "Tests macOS" */ = {
			isa = XCConfigurationList;
			buildConfigurations = (
				37C180A52891C47E00535D82 /* Debug */,
				37C180A62891C47E00535D82 /* Release */,
			);
			defaultConfigurationIsVisible = 0;
			defaultConfigurationName = Release;
		};
/* End XCConfigurationList section */
	};
	rootObject = 37C180662891C47B00535D82 /* Project object */;
}
