// !$*UTF8*$!
{
	archiveVersion = 1;
	classes = {
	};
	objectVersion = 55;
	objects = {

/* Begin PBXBuildFile section */
		37259671289364470012300F /* users.json in Resources */ = {isa = PBXBuildFile; fileRef = 37259670289364470012300F /* users.json */; };
		37259673289367460012300F /* user.json in Resources */ = {isa = PBXBuildFile; fileRef = 37259672289367460012300F /* user.json */; };
		3725967528936E840012300F /* ContentViewTests.swift in Sources */ = {isa = PBXBuildFile; fileRef = 3725967428936E840012300F /* ContentViewTests.swift */; };
		372596772893767A0012300F /* ContentViewModelTests.swift in Sources */ = {isa = PBXBuildFile; fileRef = 372596762893767A0012300F /* ContentViewModelTests.swift */; };
		37C180932891C47E00535D82 /* TakeHomeApp.swift in Sources */ = {isa = PBXBuildFile; fileRef = 37C1806B2891C47C00535D82 /* TakeHomeApp.swift */; };
		37C180952891C47E00535D82 /* ContentView.swift in Sources */ = {isa = PBXBuildFile; fileRef = 37C1806C2891C47C00535D82 /* ContentView.swift */; };
		37C180972891C47E00535D82 /* Assets.xcassets in Resources */ = {isa = PBXBuildFile; fileRef = 37C1806D2891C47E00535D82 /* Assets.xcassets */; };
		37C180BF2891C80000535D82 /* ViewInspector in Frameworks */ = {isa = PBXBuildFile; productRef = 37C180BE2891C80000535D82 /* ViewInspector */; };
		37C180C12891C94800535D82 /* APIClient.swift in Sources */ = {isa = PBXBuildFile; fileRef = 37C180C02891C94800535D82 /* APIClient.swift */; };
		37C180C32891D1E500535D82 /* ContentViewModel.swift in Sources */ = {isa = PBXBuildFile; fileRef = 37C180C22891D1E500535D82 /* ContentViewModel.swift */; };
		37C180C52891D63B00535D82 /* ViewState.swift in Sources */ = {isa = PBXBuildFile; fileRef = 37C180C42891D63B00535D82 /* ViewState.swift */; };
		37C180C72891D9D400535D82 /* APIClientTests.swift in Sources */ = {isa = PBXBuildFile; fileRef = 37C180C62891D9D400535D82 /* APIClientTests.swift */; };
		37C180C92893398F00535D82 /* UserResponse.swift in Sources */ = {isa = PBXBuildFile; fileRef = 37C180C82893398E00535D82 /* UserResponse.swift */; };
		37C180CC2893427500535D82 /* UserService.swift in Sources */ = {isa = PBXBuildFile; fileRef = 37C180CB2893427500535D82 /* UserService.swift */; };
		37C180CE289363B000535D82 /* UserServiceTests.swift in Sources */ = {isa = PBXBuildFile; fileRef = 37C180CD289363B000535D82 /* UserServiceTests.swift */; };
/* End PBXBuildFile section */

/* Begin PBXContainerItemProxy section */
		37C180B62891C68200535D82 /* PBXContainerItemProxy */ = {
			isa = PBXContainerItemProxy;
			containerPortal = 37C180662891C47B00535D82 /* Project object */;
			proxyType = 1;
			remoteGlobalIDString = 37C180712891C47E00535D82;
			remoteInfo = "TakeHome (iOS)";
		};
/* End PBXContainerItemProxy section */

/* Begin PBXFileReference section */
		37259670289364470012300F /* users.json */ = {isa = PBXFileReference; lastKnownFileType = text.json; path = users.json; sourceTree = "<group>"; };
		37259672289367460012300F /* user.json */ = {isa = PBXFileReference; lastKnownFileType = text.json; path = user.json; sourceTree = "<group>"; };
		3725967428936E840012300F /* ContentViewTests.swift */ = {isa = PBXFileReference; lastKnownFileType = sourcecode.swift; path = ContentViewTests.swift; sourceTree = "<group>"; };
		372596762893767A0012300F /* ContentViewModelTests.swift */ = {isa = PBXFileReference; lastKnownFileType = sourcecode.swift; path = ContentViewModelTests.swift; sourceTree = "<group>"; };
		37C1806B2891C47C00535D82 /* TakeHomeApp.swift */ = {isa = PBXFileReference; lastKnownFileType = sourcecode.swift; path = TakeHomeApp.swift; sourceTree = "<group>"; };
		37C1806C2891C47C00535D82 /* ContentView.swift */ = {isa = PBXFileReference; lastKnownFileType = sourcecode.swift; path = ContentView.swift; sourceTree = "<group>"; };
		37C1806D2891C47E00535D82 /* Assets.xcassets */ = {isa = PBXFileReference; lastKnownFileType = folder.assetcatalog; path = Assets.xcassets; sourceTree = "<group>"; };
		37C180722891C47E00535D82 /* TakeHome.app */ = {isa = PBXFileReference; explicitFileType = wrapper.application; includeInIndex = 0; path = TakeHome.app; sourceTree = BUILT_PRODUCTS_DIR; };
		37C180B22891C68200535D82 /* TakeHomeTests.xctest */ = {isa = PBXFileReference; explicitFileType = wrapper.cfbundle; includeInIndex = 0; path = TakeHomeTests.xctest; sourceTree = BUILT_PRODUCTS_DIR; };
		37C180C02891C94800535D82 /* APIClient.swift */ = {isa = PBXFileReference; lastKnownFileType = sourcecode.swift; path = APIClient.swift; sourceTree = "<group>"; };
		37C180C22891D1E500535D82 /* ContentViewModel.swift */ = {isa = PBXFileReference; lastKnownFileType = sourcecode.swift; path = ContentViewModel.swift; sourceTree = "<group>"; };
		37C180C42891D63B00535D82 /* ViewState.swift */ = {isa = PBXFileReference; lastKnownFileType = sourcecode.swift; path = ViewState.swift; sourceTree = "<group>"; };
		37C180C62891D9D400535D82 /* APIClientTests.swift */ = {isa = PBXFileReference; lastKnownFileType = sourcecode.swift; path = APIClientTests.swift; sourceTree = "<group>"; };
		37C180C82893398E00535D82 /* UserResponse.swift */ = {isa = PBXFileReference; lastKnownFileType = sourcecode.swift; path = UserResponse.swift; sourceTree = "<group>"; };
		37C180CB2893427500535D82 /* UserService.swift */ = {isa = PBXFileReference; lastKnownFileType = sourcecode.swift; path = UserService.swift; sourceTree = "<group>"; };
		37C180CD289363B000535D82 /* UserServiceTests.swift */ = {isa = PBXFileReference; lastKnownFileType = sourcecode.swift; path = UserServiceTests.swift; sourceTree = "<group>"; };
/* End PBXFileReference section */

/* Begin PBXFrameworksBuildPhase section */
		37C1806F2891C47E00535D82 /* Frameworks */ = {
			isa = PBXFrameworksBuildPhase;
			buildActionMask = 2147483647;
			files = (
			);
			runOnlyForDeploymentPostprocessing = 0;
		};
		37C180AF2891C68200535D82 /* Frameworks */ = {
			isa = PBXFrameworksBuildPhase;
			buildActionMask = 2147483647;
			files = (
				37C180BF2891C80000535D82 /* ViewInspector in Frameworks */,
			);
			runOnlyForDeploymentPostprocessing = 0;
		};
/* End PBXFrameworksBuildPhase section */

/* Begin PBXGroup section */
		37C180652891C47B00535D82 = {
			isa = PBXGroup;
			children = (
				37C1806B2891C47C00535D82 /* TakeHomeApp.swift */,
				37C180AA2891C4D700535D82 /* Assets */,
				37C180A72891C4B100535D82 /* Views */,
				37C180CA2893426100535D82 /* Services */,
				37C180A82891C4B800535D82 /* Networking */,
				37C180B32891C68200535D82 /* TakeHomeTests */,
				37C180732891C47E00535D82 /* Products */,
			);
			sourceTree = "<group>";
		};
		37C180732891C47E00535D82 /* Products */ = {
			isa = PBXGroup;
			children = (
				37C180722891C47E00535D82 /* TakeHome.app */,
				37C180B22891C68200535D82 /* TakeHomeTests.xctest */,
			);
			name = Products;
			sourceTree = "<group>";
		};
		37C180A72891C4B100535D82 /* Views */ = {
			isa = PBXGroup;
			children = (
				37C1806C2891C47C00535D82 /* ContentView.swift */,
				37C180C22891D1E500535D82 /* ContentViewModel.swift */,
				37C180C42891D63B00535D82 /* ViewState.swift */,
			);
			path = Views;
			sourceTree = "<group>";
		};
		37C180A82891C4B800535D82 /* Networking */ = {
			isa = PBXGroup;
			children = (
				37C180C02891C94800535D82 /* APIClient.swift */,
				37C180C82893398E00535D82 /* UserResponse.swift */,
			);
			path = Networking;
			sourceTree = "<group>";
		};
		37C180AA2891C4D700535D82 /* Assets */ = {
			isa = PBXGroup;
			children = (
				37C1806D2891C47E00535D82 /* Assets.xcassets */,
			);
			path = Assets;
			sourceTree = "<group>";
		};
		37C180B32891C68200535D82 /* TakeHomeTests */ = {
			isa = PBXGroup;
			children = (
				37C180C62891D9D400535D82 /* APIClientTests.swift */,
				37C180CD289363B000535D82 /* UserServiceTests.swift */,
				3725967428936E840012300F /* ContentViewTests.swift */,
				37259670289364470012300F /* users.json */,
				37259672289367460012300F /* user.json */,
				372596762893767A0012300F /* ContentViewModelTests.swift */,
			);
			path = TakeHomeTests;
			sourceTree = "<group>";
		};
		37C180CA2893426100535D82 /* Services */ = {
			isa = PBXGroup;
			children = (
				37C180CB2893427500535D82 /* UserService.swift */,
			);
			path = Services;
			sourceTree = "<group>";
		};
/* End PBXGroup section */

/* Begin PBXNativeTarget section */
		37C180712891C47E00535D82 /* TakeHome */ = {
			isa = PBXNativeTarget;
			buildConfigurationList = 37C1809B2891C47E00535D82 /* Build configuration list for PBXNativeTarget "TakeHome" */;
			buildPhases = (
				37C1806E2891C47E00535D82 /* Sources */,
				37C1806F2891C47E00535D82 /* Frameworks */,
				37C180702891C47E00535D82 /* Resources */,
			);
			buildRules = (
			);
			dependencies = (
			);
			name = TakeHome;
			packageProductDependencies = (
			);
			productName = "TakeHome (iOS)";
			productReference = 37C180722891C47E00535D82 /* TakeHome.app */;
			productType = "com.apple.product-type.application";
		};
		37C180B12891C68200535D82 /* TakeHomeTests */ = {
			isa = PBXNativeTarget;
			buildConfigurationList = 37C180B82891C68200535D82 /* Build configuration list for PBXNativeTarget "TakeHomeTests" */;
			buildPhases = (
				37C180AE2891C68200535D82 /* Sources */,
				37C180AF2891C68200535D82 /* Frameworks */,
				37C180B02891C68200535D82 /* Resources */,
			);
			buildRules = (
			);
			dependencies = (
				37C180B72891C68200535D82 /* PBXTargetDependency */,
			);
			name = TakeHomeTests;
			packageProductDependencies = (
				37C180BE2891C80000535D82 /* ViewInspector */,
			);
			productName = TakeHomeTests;
			productReference = 37C180B22891C68200535D82 /* TakeHomeTests.xctest */;
			productType = "com.apple.product-type.bundle.unit-test";
		};
/* End PBXNativeTarget section */

/* Begin PBXProject section */
		37C180662891C47B00535D82 /* Project object */ = {
			isa = PBXProject;
			attributes = {
				BuildIndependentTargetsInParallel = 1;
				LastSwiftUpdateCheck = 1340;
				LastUpgradeCheck = 1340;
				TargetAttributes = {
					37C180712891C47E00535D82 = {
						CreatedOnToolsVersion = 13.4.1;
					};
					37C180B12891C68200535D82 = {
						CreatedOnToolsVersion = 13.4.1;
						LastSwiftMigration = 1340;
						TestTargetID = 37C180712891C47E00535D82;
					};
				};
			};
			buildConfigurationList = 37C180692891C47B00535D82 /* Build configuration list for PBXProject "TakeHome" */;
			compatibilityVersion = "Xcode 13.0";
			developmentRegion = en;
			hasScannedForEncodings = 0;
			knownRegions = (
				en,
				Base,
			);
			mainGroup = 37C180652891C47B00535D82;
			packageReferences = (
				37C180BD2891C80000535D82 /* XCRemoteSwiftPackageReference "ViewInspector" */,
			);
			productRefGroup = 37C180732891C47E00535D82 /* Products */;
			projectDirPath = "";
			projectRoot = "";
			targets = (
				37C180712891C47E00535D82 /* TakeHome */,
				37C180B12891C68200535D82 /* TakeHomeTests */,
			);
		};
/* End PBXProject section */

/* Begin PBXResourcesBuildPhase section */
		37C180702891C47E00535D82 /* Resources */ = {
			isa = PBXResourcesBuildPhase;
			buildActionMask = 2147483647;
			files = (
				37C180972891C47E00535D82 /* Assets.xcassets in Resources */,
			);
			runOnlyForDeploymentPostprocessing = 0;
		};
		37C180B02891C68200535D82 /* Resources */ = {
			isa = PBXResourcesBuildPhase;
			buildActionMask = 2147483647;
			files = (
				37259673289367460012300F /* user.json in Resources */,
				37259671289364470012300F /* users.json in Resources */,
			);
			runOnlyForDeploymentPostprocessing = 0;
		};
/* End PBXResourcesBuildPhase section */

/* Begin PBXSourcesBuildPhase section */
		37C1806E2891C47E00535D82 /* Sources */ = {
			isa = PBXSourcesBuildPhase;
			buildActionMask = 2147483647;
			files = (
				37C180CC2893427500535D82 /* UserService.swift in Sources */,
				37C180C32891D1E500535D82 /* ContentViewModel.swift in Sources */,
				37C180952891C47E00535D82 /* ContentView.swift in Sources */,
				37C180C52891D63B00535D82 /* ViewState.swift in Sources */,
				37C180932891C47E00535D82 /* TakeHomeApp.swift in Sources */,
				37C180C12891C94800535D82 /* APIClient.swift in Sources */,
				37C180C92893398F00535D82 /* UserResponse.swift in Sources */,
			);
			runOnlyForDeploymentPostprocessing = 0;
		};
		37C180AE2891C68200535D82 /* Sources */ = {
			isa = PBXSourcesBuildPhase;
			buildActionMask = 2147483647;
			files = (
				372596772893767A0012300F /* ContentViewModelTests.swift in Sources */,
				37C180CE289363B000535D82 /* UserServiceTests.swift in Sources */,
				37C180C72891D9D400535D82 /* APIClientTests.swift in Sources */,
				3725967528936E840012300F /* ContentViewTests.swift in Sources */,
			);
			runOnlyForDeploymentPostprocessing = 0;
		};
/* End PBXSourcesBuildPhase section */

/* Begin PBXTargetDependency section */
		37C180B72891C68200535D82 /* PBXTargetDependency */ = {
			isa = PBXTargetDependency;
			target = 37C180712891C47E00535D82 /* TakeHome */;
			targetProxy = 37C180B62891C68200535D82 /* PBXContainerItemProxy */;
		};
/* End PBXTargetDependency section */

/* Begin XCBuildConfiguration section */
		37C180992891C47E00535D82 /* Debug */ = {
			isa = XCBuildConfiguration;
			buildSettings = {
				ALWAYS_SEARCH_USER_PATHS = NO;
				CLANG_ANALYZER_NONNULL = YES;
				CLANG_ANALYZER_NUMBER_OBJECT_CONVERSION = YES_AGGRESSIVE;
				CLANG_CXX_LANGUAGE_STANDARD = "gnu++17";
				CLANG_ENABLE_MODULES = YES;
				CLANG_ENABLE_OBJC_ARC = YES;
				CLANG_ENABLE_OBJC_WEAK = YES;
				CLANG_WARN_BLOCK_CAPTURE_AUTORELEASING = YES;
				CLANG_WARN_BOOL_CONVERSION = YES;
				CLANG_WARN_COMMA = YES;
				CLANG_WARN_CONSTANT_CONVERSION = YES;
				CLANG_WARN_DEPRECATED_OBJC_IMPLEMENTATIONS = YES;
				CLANG_WARN_DIRECT_OBJC_ISA_USAGE = YES_ERROR;
				CLANG_WARN_DOCUMENTATION_COMMENTS = YES;
				CLANG_WARN_EMPTY_BODY = YES;
				CLANG_WARN_ENUM_CONVERSION = YES;
				CLANG_WARN_INFINITE_RECURSION = YES;
				CLANG_WARN_INT_CONVERSION = YES;
				CLANG_WARN_NON_LITERAL_NULL_CONVERSION = YES;
				CLANG_WARN_OBJC_IMPLICIT_RETAIN_SELF = YES;
				CLANG_WARN_OBJC_LITERAL_CONVERSION = YES;
				CLANG_WARN_OBJC_ROOT_CLASS = YES_ERROR;
				CLANG_WARN_QUOTED_INCLUDE_IN_FRAMEWORK_HEADER = YES;
				CLANG_WARN_RANGE_LOOP_ANALYSIS = YES;
				CLANG_WARN_STRICT_PROTOTYPES = YES;
				CLANG_WARN_SUSPICIOUS_MOVE = YES;
				CLANG_WARN_UNGUARDED_AVAILABILITY = YES_AGGRESSIVE;
				CLANG_WARN_UNREACHABLE_CODE = YES;
				CLANG_WARN__DUPLICATE_METHOD_MATCH = YES;
				COPY_PHASE_STRIP = NO;
				DEBUG_INFORMATION_FORMAT = dwarf;
				ENABLE_STRICT_OBJC_MSGSEND = YES;
				ENABLE_TESTABILITY = YES;
				GCC_C_LANGUAGE_STANDARD = gnu11;
				GCC_DYNAMIC_NO_PIC = NO;
				GCC_NO_COMMON_BLOCKS = YES;
				GCC_OPTIMIZATION_LEVEL = 0;
				GCC_PREPROCESSOR_DEFINITIONS = (
					"DEBUG=1",
					"$(inherited)",
				);
				GCC_WARN_64_TO_32_BIT_CONVERSION = YES;
				GCC_WARN_ABOUT_RETURN_TYPE = YES_ERROR;
				GCC_WARN_UNDECLARED_SELECTOR = YES;
				GCC_WARN_UNINITIALIZED_AUTOS = YES_AGGRESSIVE;
				GCC_WARN_UNUSED_FUNCTION = YES;
				GCC_WARN_UNUSED_VARIABLE = YES;
				MTL_ENABLE_DEBUG_INFO = INCLUDE_SOURCE;
				MTL_FAST_MATH = YES;
				ONLY_ACTIVE_ARCH = YES;
				SWIFT_ACTIVE_COMPILATION_CONDITIONS = DEBUG;
				SWIFT_OPTIMIZATION_LEVEL = "-Onone";
			};
			name = Debug;
		};
		37C1809A2891C47E00535D82 /* Release */ = {
			isa = XCBuildConfiguration;
			buildSettings = {
				ALWAYS_SEARCH_USER_PATHS = NO;
				CLANG_ANALYZER_NONNULL = YES;
				CLANG_ANALYZER_NUMBER_OBJECT_CONVERSION = YES_AGGRESSIVE;
				CLANG_CXX_LANGUAGE_STANDARD = "gnu++17";
				CLANG_ENABLE_MODULES = YES;
				CLANG_ENABLE_OBJC_ARC = YES;
				CLANG_ENABLE_OBJC_WEAK = YES;
				CLANG_WARN_BLOCK_CAPTURE_AUTORELEASING = YES;
				CLANG_WARN_BOOL_CONVERSION = YES;
				CLANG_WARN_COMMA = YES;
				CLANG_WARN_CONSTANT_CONVERSION = YES;
				CLANG_WARN_DEPRECATED_OBJC_IMPLEMENTATIONS = YES;
				CLANG_WARN_DIRECT_OBJC_ISA_USAGE = YES_ERROR;
				CLANG_WARN_DOCUMENTATION_COMMENTS = YES;
				CLANG_WARN_EMPTY_BODY = YES;
				CLANG_WARN_ENUM_CONVERSION = YES;
				CLANG_WARN_INFINITE_RECURSION = YES;
				CLANG_WARN_INT_CONVERSION = YES;
				CLANG_WARN_NON_LITERAL_NULL_CONVERSION = YES;
				CLANG_WARN_OBJC_IMPLICIT_RETAIN_SELF = YES;
				CLANG_WARN_OBJC_LITERAL_CONVERSION = YES;
				CLANG_WARN_OBJC_ROOT_CLASS = YES_ERROR;
				CLANG_WARN_QUOTED_INCLUDE_IN_FRAMEWORK_HEADER = YES;
				CLANG_WARN_RANGE_LOOP_ANALYSIS = YES;
				CLANG_WARN_STRICT_PROTOTYPES = YES;
				CLANG_WARN_SUSPICIOUS_MOVE = YES;
				CLANG_WARN_UNGUARDED_AVAILABILITY = YES_AGGRESSIVE;
				CLANG_WARN_UNREACHABLE_CODE = YES;
				CLANG_WARN__DUPLICATE_METHOD_MATCH = YES;
				COPY_PHASE_STRIP = NO;
				DEBUG_INFORMATION_FORMAT = "dwarf-with-dsym";
				ENABLE_NS_ASSERTIONS = NO;
				ENABLE_STRICT_OBJC_MSGSEND = YES;
				GCC_C_LANGUAGE_STANDARD = gnu11;
				GCC_NO_COMMON_BLOCKS = YES;
				GCC_WARN_64_TO_32_BIT_CONVERSION = YES;
				GCC_WARN_ABOUT_RETURN_TYPE = YES_ERROR;
				GCC_WARN_UNDECLARED_SELECTOR = YES;
				GCC_WARN_UNINITIALIZED_AUTOS = YES_AGGRESSIVE;
				GCC_WARN_UNUSED_FUNCTION = YES;
				GCC_WARN_UNUSED_VARIABLE = YES;
				MTL_ENABLE_DEBUG_INFO = NO;
				MTL_FAST_MATH = YES;
				SWIFT_COMPILATION_MODE = wholemodule;
				SWIFT_OPTIMIZATION_LEVEL = "-O";
			};
			name = Release;
		};
		37C1809C2891C47E00535D82 /* Debug */ = {
			isa = XCBuildConfiguration;
			buildSettings = {
				ASSETCATALOG_COMPILER_APPICON_NAME = AppIcon;
				ASSETCATALOG_COMPILER_GLOBAL_ACCENT_COLOR_NAME = AccentColor;
				CODE_SIGN_STYLE = Automatic;
				CURRENT_PROJECT_VERSION = 1;
				DEVELOPMENT_TEAM = 4N8YTTDD52;
				ENABLE_PREVIEWS = YES;
				GENERATE_INFOPLIST_FILE = YES;
				INFOPLIST_KEY_UIApplicationSceneManifest_Generation = YES;
				INFOPLIST_KEY_UIApplicationSupportsIndirectInputEvents = YES;
				INFOPLIST_KEY_UILaunchScreen_Generation = YES;
				INFOPLIST_KEY_UISupportedInterfaceOrientations_iPad = "UIInterfaceOrientationPortrait UIInterfaceOrientationPortraitUpsideDown UIInterfaceOrientationLandscapeLeft UIInterfaceOrientationLandscapeRight";
				INFOPLIST_KEY_UISupportedInterfaceOrientations_iPhone = "UIInterfaceOrientationPortrait UIInterfaceOrientationLandscapeLeft UIInterfaceOrientationLandscapeRight";
				IPHONEOS_DEPLOYMENT_TARGET = 15.5;
				LD_RUNPATH_SEARCH_PATHS = (
					"$(inherited)",
					"@executable_path/Frameworks",
				);
				MARKETING_VERSION = 1.0;
				PRODUCT_BUNDLE_IDENTIFIER = com.rc.TakeHome;
				PRODUCT_NAME = TakeHome;
				SDKROOT = iphoneos;
				SWIFT_EMIT_LOC_STRINGS = YES;
				SWIFT_VERSION = 5.0;
				TARGETED_DEVICE_FAMILY = 1;
			};
			name = Debug;
		};
		37C1809D2891C47E00535D82 /* Release */ = {
			isa = XCBuildConfiguration;
			buildSettings = {
				ASSETCATALOG_COMPILER_APPICON_NAME = AppIcon;
				ASSETCATALOG_COMPILER_GLOBAL_ACCENT_COLOR_NAME = AccentColor;
				CODE_SIGN_STYLE = Automatic;
				CURRENT_PROJECT_VERSION = 1;
				DEVELOPMENT_TEAM = 4N8YTTDD52;
				ENABLE_PREVIEWS = YES;
				GENERATE_INFOPLIST_FILE = YES;
				INFOPLIST_KEY_UIApplicationSceneManifest_Generation = YES;
				INFOPLIST_KEY_UIApplicationSupportsIndirectInputEvents = YES;
				INFOPLIST_KEY_UILaunchScreen_Generation = YES;
				INFOPLIST_KEY_UISupportedInterfaceOrientations_iPad = "UIInterfaceOrientationPortrait UIInterfaceOrientationPortraitUpsideDown UIInterfaceOrientationLandscapeLeft UIInterfaceOrientationLandscapeRight";
				INFOPLIST_KEY_UISupportedInterfaceOrientations_iPhone = "UIInterfaceOrientationPortrait UIInterfaceOrientationLandscapeLeft UIInterfaceOrientationLandscapeRight";
				IPHONEOS_DEPLOYMENT_TARGET = 15.5;
				LD_RUNPATH_SEARCH_PATHS = (
					"$(inherited)",
					"@executable_path/Frameworks",
				);
				MARKETING_VERSION = 1.0;
				PRODUCT_BUNDLE_IDENTIFIER = com.rc.TakeHome;
				PRODUCT_NAME = TakeHome;
				SDKROOT = iphoneos;
				SWIFT_EMIT_LOC_STRINGS = YES;
				SWIFT_VERSION = 5.0;
				TARGETED_DEVICE_FAMILY = 1;
				VALIDATE_PRODUCT = YES;
			};
			name = Release;
		};
		37C180B92891C68200535D82 /* Debug */ = {
			isa = XCBuildConfiguration;
			buildSettings = {
				BUNDLE_LOADER = "$(TEST_HOST)";
				CLANG_ENABLE_MODULES = YES;
				CODE_SIGN_STYLE = Automatic;
				CURRENT_PROJECT_VERSION = 1;
				DEVELOPMENT_TEAM = 4N8YTTDD52;
				GENERATE_INFOPLIST_FILE = YES;
				IPHONEOS_DEPLOYMENT_TARGET = 15.5;
				LD_RUNPATH_SEARCH_PATHS = (
					"$(inherited)",
					"@executable_path/Frameworks",
					"@loader_path/Frameworks",
				);
				MARKETING_VERSION = 1.0;
				PRODUCT_BUNDLE_IDENTIFIER = com.rc.TakeHomeTests;
				PRODUCT_NAME = "$(TARGET_NAME)";
				SDKROOT = iphoneos;
				SWIFT_EMIT_LOC_STRINGS = NO;
				SWIFT_OPTIMIZATION_LEVEL = "-Onone";
				SWIFT_VERSION = 5.0;
				TARGETED_DEVICE_FAMILY = "1,2";
				TEST_HOST = "$(BUILT_PRODUCTS_DIR)/TakeHome.app/TakeHome";
			};
			name = Debug;
		};
		37C180BA2891C68200535D82 /* Release */ = {
			isa = XCBuildConfiguration;
			buildSettings = {
				BUNDLE_LOADER = "$(TEST_HOST)";
				CLANG_ENABLE_MODULES = YES;
				CODE_SIGN_STYLE = Automatic;
				CURRENT_PROJECT_VERSION = 1;
				DEVELOPMENT_TEAM = 4N8YTTDD52;
				GENERATE_INFOPLIST_FILE = YES;
				IPHONEOS_DEPLOYMENT_TARGET = 15.5;
				LD_RUNPATH_SEARCH_PATHS = (
					"$(inherited)",
					"@executable_path/Frameworks",
					"@loader_path/Frameworks",
				);
				MARKETING_VERSION = 1.0;
				PRODUCT_BUNDLE_IDENTIFIER = com.rc.TakeHomeTests;
				PRODUCT_NAME = "$(TARGET_NAME)";
				SDKROOT = iphoneos;
				SWIFT_EMIT_LOC_STRINGS = NO;
				SWIFT_VERSION = 5.0;
				TARGETED_DEVICE_FAMILY = "1,2";
				TEST_HOST = "$(BUILT_PRODUCTS_DIR)/TakeHome.app/TakeHome";
				VALIDATE_PRODUCT = YES;
			};
			name = Release;
		};
/* End XCBuildConfiguration section */

/* Begin XCConfigurationList section */
		37C180692891C47B00535D82 /* Build configuration list for PBXProject "TakeHome" */ = {
			isa = XCConfigurationList;
			buildConfigurations = (
				37C180992891C47E00535D82 /* Debug */,
				37C1809A2891C47E00535D82 /* Release */,
			);
			defaultConfigurationIsVisible = 0;
			defaultConfigurationName = Release;
		};
		37C1809B2891C47E00535D82 /* Build configuration list for PBXNativeTarget "TakeHome" */ = {
			isa = XCConfigurationList;
			buildConfigurations = (
				37C1809C2891C47E00535D82 /* Debug */,
				37C1809D2891C47E00535D82 /* Release */,
			);
			defaultConfigurationIsVisible = 0;
			defaultConfigurationName = Release;
		};
		37C180B82891C68200535D82 /* Build configuration list for PBXNativeTarget "TakeHomeTests" */ = {
			isa = XCConfigurationList;
			buildConfigurations = (
				37C180B92891C68200535D82 /* Debug */,
				37C180BA2891C68200535D82 /* Release */,
			);
			defaultConfigurationIsVisible = 0;
			defaultConfigurationName = Release;
		};
/* End XCConfigurationList section */

/* Begin XCRemoteSwiftPackageReference section */
		37C180BD2891C80000535D82 /* XCRemoteSwiftPackageReference "ViewInspector" */ = {
			isa = XCRemoteSwiftPackageReference;
			repositoryURL = "git@github.com:nalexn/ViewInspector.git";
			requirement = {
				kind = upToNextMinorVersion;
				minimumVersion = 0.9.1;
			};
		};
/* End XCRemoteSwiftPackageReference section */

/* Begin XCSwiftPackageProductDependency section */
		37C180BE2891C80000535D82 /* ViewInspector */ = {
			isa = XCSwiftPackageProductDependency;
			package = 37C180BD2891C80000535D82 /* XCRemoteSwiftPackageReference "ViewInspector" */;
			productName = ViewInspector;
		};
/* End XCSwiftPackageProductDependency section */
	};
	rootObject = 37C180662891C47B00535D82 /* Project object */;
}
